
Microsoft Visual Studio Solution File, Format Version 12.00
# Visual Studio Version 16
Project("{2150E333-8FDC-42A3-9474-1A3956D46DE8}") = "CMakePredefinedTargets", "CMakePredefinedTargets", "{0AA0CB51-0BDF-3652-B71D-3CFDFE3449D0}"
EndProject
Project("{2150E333-8FDC-42A3-9474-1A3956D46DE8}") = "Libraries", "Libraries", "{A37F2F15-A5B4-37B6-9391-4F07E66FD7FD}"
EndProject
Project("{8BC9CEB8-8B4A-11D0-8D11-00A0C91BC942}") = "ALL_BUILD", "ALL_BUILD.vcxproj", "{47C53BCE-DCDD-393B-9C1E-33326DEEE7BD}"
	ProjectSection(ProjectDependencies) = postProject
		{F337C12D-3020-3B3D-A4F7-CC8D0FE732B8} = {F337C12D-3020-3B3D-A4F7-CC8D0FE732B8}
		{A89491C0-0908-32CD-8033-5F2F862963DF} = {A89491C0-0908-32CD-8033-5F2F862963DF}
		{A3D367F6-7882-36AF-A8E6-1123EA3926FB} = {A3D367F6-7882-36AF-A8E6-1123EA3926FB}
	EndProjectSection
EndProject
Project("{8BC9CEB8-8B4A-11D0-8D11-00A0C91BC942}") = "INSTALL", "INSTALL.vcxproj", "{6B6FFA92-38CE-369B-BFE4-D470E59FF6F8}"
	ProjectSection(ProjectDependencies) = postProject
		{47C53BCE-DCDD-393B-9C1E-33326DEEE7BD} = {47C53BCE-DCDD-393B-9C1E-33326DEEE7BD}
		{F337C12D-3020-3B3D-A4F7-CC8D0FE732B8} = {F337C12D-3020-3B3D-A4F7-CC8D0FE732B8}
	EndProjectSection
EndProject
Project("{8BC9CEB8-8B4A-11D0-8D11-00A0C91BC942}") = "PACKAGE", "PACKAGE.vcxproj", "{83597152-48C1-3AD1-BF39-C360C8B78EE6}"
	ProjectSection(ProjectDependencies) = postProject
		{47C53BCE-DCDD-393B-9C1E-33326DEEE7BD} = {47C53BCE-DCDD-393B-9C1E-33326DEEE7BD}
		{F337C12D-3020-3B3D-A4F7-CC8D0FE732B8} = {F337C12D-3020-3B3D-A4F7-CC8D0FE732B8}
	EndProjectSection
EndProject
Project("{8BC9CEB8-8B4A-11D0-8D11-00A0C91BC942}") = "ZERO_CHECK", "ZERO_CHECK.vcxproj", "{F337C12D-3020-3B3D-A4F7-CC8D0FE732B8}"
	ProjectSection(ProjectDependencies) = postProject
	EndProjectSection
EndProject
Project("{8BC9CEB8-8B4A-11D0-8D11-00A0C91BC942}") = "dist", "dist.vcxproj", "{0A5060FE-0EB0-3068-9BEF-D6A2AAE1AE90}"
	ProjectSection(ProjectDependencies) = postProject
		{F337C12D-3020-3B3D-A4F7-CC8D0FE732B8} = {F337C12D-3020-3B3D-A4F7-CC8D0FE732B8}
	EndProjectSection
EndProject
Project("{8BC9CEB8-8B4A-11D0-8D11-00A0C91BC942}") = "laszip3", "src\laszip3.vcxproj", "{A89491C0-0908-32CD-8033-5F2F862963DF}"
	ProjectSection(ProjectDependencies) = postProject
		{F337C12D-3020-3B3D-A4F7-CC8D0FE732B8} = {F337C12D-3020-3B3D-A4F7-CC8D0FE732B8}
	EndProjectSection
EndProject
Project("{8BC9CEB8-8B4A-11D0-8D11-00A0C91BC942}") = "laszip_api3", "dll\laszip_api3.vcxproj", "{A3D367F6-7882-36AF-A8E6-1123EA3926FB}"
	ProjectSection(ProjectDependencies) = postProject
		{F337C12D-3020-3B3D-A4F7-CC8D0FE732B8} = {F337C12D-3020-3B3D-A4F7-CC8D0FE732B8}
	EndProjectSection
EndProject
Global
	GlobalSection(SolutionConfigurationPlatforms) = preSolution
		Debug|x64 = Debug|x64
		Release|x64 = Release|x64
		MinSizeRel|x64 = MinSizeRel|x64
		RelWithDebInfo|x64 = RelWithDebInfo|x64
	EndGlobalSection
	GlobalSection(ProjectConfigurationPlatforms) = postSolution
		{47C53BCE-DCDD-393B-9C1E-33326DEEE7BD}.Debug|x64.ActiveCfg = Debug|x64
		{47C53BCE-DCDD-393B-9C1E-33326DEEE7BD}.Debug|x64.Build.0 = Debug|x64
		{47C53BCE-DCDD-393B-9C1E-33326DEEE7BD}.Release|x64.ActiveCfg = Release|x64
		{47C53BCE-DCDD-393B-9C1E-33326DEEE7BD}.Release|x64.Build.0 = Release|x64
		{47C53BCE-DCDD-393B-9C1E-33326DEEE7BD}.MinSizeRel|x64.ActiveCfg = MinSizeRel|x64
		{47C53BCE-DCDD-393B-9C1E-33326DEEE7BD}.MinSizeRel|x64.Build.0 = MinSizeRel|x64
		{47C53BCE-DCDD-393B-9C1E-33326DEEE7BD}.RelWithDebInfo|x64.ActiveCfg = RelWithDebInfo|x64
		{47C53BCE-DCDD-393B-9C1E-33326DEEE7BD}.RelWithDebInfo|x64.Build.0 = RelWithDebInfo|x64
		{6B6FFA92-38CE-369B-BFE4-D470E59FF6F8}.Debug|x64.ActiveCfg = Debug|x64
		{6B6FFA92-38CE-369B-BFE4-D470E59FF6F8}.Release|x64.ActiveCfg = Release|x64
		{6B6FFA92-38CE-369B-BFE4-D470E59FF6F8}.MinSizeRel|x64.ActiveCfg = MinSizeRel|x64
		{6B6FFA92-38CE-369B-BFE4-D470E59FF6F8}.RelWithDebInfo|x64.ActiveCfg = RelWithDebInfo|x64
		{83597152-48C1-3AD1-BF39-C360C8B78EE6}.Debug|x64.ActiveCfg = Debug|x64
		{83597152-48C1-3AD1-BF39-C360C8B78EE6}.Release|x64.ActiveCfg = Release|x64
		{83597152-48C1-3AD1-BF39-C360C8B78EE6}.MinSizeRel|x64.ActiveCfg = MinSizeRel|x64
		{83597152-48C1-3AD1-BF39-C360C8B78EE6}.RelWithDebInfo|x64.ActiveCfg = RelWithDebInfo|x64
		{F337C12D-3020-3B3D-A4F7-CC8D0FE732B8}.Debug|x64.ActiveCfg = Debug|x64
		{F337C12D-3020-3B3D-A4F7-CC8D0FE732B8}.Debug|x64.Build.0 = Debug|x64
		{F337C12D-3020-3B3D-A4F7-CC8D0FE732B8}.Release|x64.ActiveCfg = Release|x64
		{F337C12D-3020-3B3D-A4F7-CC8D0FE732B8}.Release|x64.Build.0 = Release|x64
		{F337C12D-3020-3B3D-A4F7-CC8D0FE732B8}.MinSizeRel|x64.ActiveCfg = MinSizeRel|x64
		{F337C12D-3020-3B3D-A4F7-CC8D0FE732B8}.MinSizeRel|x64.Build.0 = MinSizeRel|x64
		{F337C12D-3020-3B3D-A4F7-CC8D0FE732B8}.RelWithDebInfo|x64.ActiveCfg = RelWithDebInfo|x64
		{F337C12D-3020-3B3D-A4F7-CC8D0FE732B8}.RelWithDebInfo|x64.Build.0 = RelWithDebInfo|x64
		{0A5060FE-0EB0-3068-9BEF-D6A2AAE1AE90}.Debug|x64.ActiveCfg = Debug|x64
		{0A5060FE-0EB0-3068-9BEF-D6A2AAE1AE90}.Release|x64.ActiveCfg = Release|x64
		{0A5060FE-0EB0-3068-9BEF-D6A2AAE1AE90}.MinSizeRel|x64.ActiveCfg = MinSizeRel|x64
		{0A5060FE-0EB0-3068-9BEF-D6A2AAE1AE90}.RelWithDebInfo|x64.ActiveCfg = RelWithDebInfo|x64
		{A89491C0-0908-32CD-8033-5F2F862963DF}.Debug|x64.ActiveCfg = Debug|x64
		{A89491C0-0908-32CD-8033-5F2F862963DF}.Debug|x64.Build.0 = Debug|x64
		{A89491C0-0908-32CD-8033-5F2F862963DF}.Release|x64.ActiveCfg = Release|x64
		{A89491C0-0908-32CD-8033-5F2F862963DF}.Release|x64.Build.0 = Release|x64
		{A89491C0-0908-32CD-8033-5F2F862963DF}.MinSizeRel|x64.ActiveCfg = MinSizeRel|x64
		{A89491C0-0908-32CD-8033-5F2F862963DF}.MinSizeRel|x64.Build.0 = MinSizeRel|x64
		{A89491C0-0908-32CD-8033-5F2F862963DF}.RelWithDebInfo|x64.ActiveCfg = RelWithDebInfo|x64
		{A89491C0-0908-32CD-8033-5F2F862963DF}.RelWithDebInfo|x64.Build.0 = RelWithDebInfo|x64
		{A3D367F6-7882-36AF-A8E6-1123EA3926FB}.Debug|x64.ActiveCfg = Debug|x64
		{A3D367F6-7882-36AF-A8E6-1123EA3926FB}.Debug|x64.Build.0 = Debug|x64
		{A3D367F6-7882-36AF-A8E6-1123EA3926FB}.Release|x64.ActiveCfg = Release|x64
		{A3D367F6-7882-36AF-A8E6-1123EA3926FB}.Release|x64.Build.0 = Release|x64
		{A3D367F6-7882-36AF-A8E6-1123EA3926FB}.MinSizeRel|x64.ActiveCfg = MinSizeRel|x64
		{A3D367F6-7882-36AF-A8E6-1123EA3926FB}.MinSizeRel|x64.Build.0 = MinSizeRel|x64
		{A3D367F6-7882-36AF-A8E6-1123EA3926FB}.RelWithDebInfo|x64.ActiveCfg = RelWithDebInfo|x64
		{A3D367F6-7882-36AF-A8E6-1123EA3926FB}.RelWithDebInfo|x64.Build.0 = RelWithDebInfo|x64
	EndGlobalSection
	GlobalSection(NestedProjects) = preSolution
		{47C53BCE-DCDD-393B-9C1E-33326DEEE7BD} = {0AA0CB51-0BDF-3652-B71D-3CFDFE3449D0}
		{6B6FFA92-38CE-369B-BFE4-D470E59FF6F8} = {0AA0CB51-0BDF-3652-B71D-3CFDFE3449D0}
		{83597152-48C1-3AD1-BF39-C360C8B78EE6} = {0AA0CB51-0BDF-3652-B71D-3CFDFE3449D0}
		{F337C12D-3020-3B3D-A4F7-CC8D0FE732B8} = {0AA0CB51-0BDF-3652-B71D-3CFDFE3449D0}
		{A89491C0-0908-32CD-8033-5F2F862963DF} = {A37F2F15-A5B4-37B6-9391-4F07E66FD7FD}
		{A3D367F6-7882-36AF-A8E6-1123EA3926FB} = {A37F2F15-A5B4-37B6-9391-4F07E66FD7FD}
	EndGlobalSection
	GlobalSection(ExtensibilityGlobals) = postSolution
		SolutionGuid = {12726B08-0DEC-346F-831C-70D3B999C099}
	EndGlobalSection
	GlobalSection(ExtensibilityAddIns) = postSolution
	EndGlobalSection
EndGlobal
