<?xml version="1.0" encoding="utf-8"?>
<Project ToolsVersion="16.0" xmlns="http://schemas.microsoft.com/developer/msbuild/2003">
  <ItemGroup>
    <CustomBuild Include="C:\lastools\git\LASzip\CMakeFiles\eb4b5d51c7ad0c3dfb17f30703b40aa8\INSTALL_force.rule">
      <Filter>CMake Rules</Filter>
    </CustomBuild>
  </ItemGroup>
  <ItemGroup>
    <Filter Include="CMake Rules">
      <UniqueIdentifier>{6BCD0C3F-746D-3D98-ABBA-03CC0EFB4723}</UniqueIdentifier>
    </Filter>
  </ItemGroup>
</Project>
