<?xml version="1.0" encoding="utf-8"?>
<Project ToolsVersion="16.0" xmlns="http://schemas.microsoft.com/developer/msbuild/2003">
  <ItemGroup>
    <ClCompile Include="C:\lastools\git\LASzip\src\mydefs.cpp">
      <Filter>Source Files</Filter>
    </ClCompile>
    <ClCompile Include="C:\lastools\git\LASzip\src\lasmessage.cpp">
      <Filter>Source Files</Filter>
    </ClCompile>
    <ClCompile Include="C:\lastools\git\LASzip\src\arithmeticdecoder.cpp">
      <Filter>Source Files</Filter>
    </ClCompile>
    <ClCompile Include="C:\lastools\git\LASzip\src\arithmeticencoder.cpp">
      <Filter>Source Files</Filter>
    </ClCompile>
    <ClCompile Include="C:\lastools\git\LASzip\src\arithmeticmodel.cpp">
      <Filter>Source Files</Filter>
    </ClCompile>
    <ClCompile Include="C:\lastools\git\LASzip\src\integercompressor.cpp">
      <Filter>Source Files</Filter>
    </ClCompile>
    <ClCompile Include="C:\lastools\git\LASzip\src\lasindex.cpp">
      <Filter>Source Files</Filter>
    </ClCompile>
    <ClCompile Include="C:\lastools\git\LASzip\src\lasinterval.cpp">
      <Filter>Source Files</Filter>
    </ClCompile>
    <ClCompile Include="C:\lastools\git\LASzip\src\lasquadtree.cpp">
      <Filter>Source Files</Filter>
    </ClCompile>
    <ClCompile Include="C:\lastools\git\LASzip\src\lasreaditemcompressed_v1.cpp">
      <Filter>Source Files</Filter>
    </ClCompile>
    <ClCompile Include="C:\lastools\git\LASzip\src\lasreaditemcompressed_v2.cpp">
      <Filter>Source Files</Filter>
    </ClCompile>
    <ClCompile Include="C:\lastools\git\LASzip\src\lasreaditemcompressed_v3.cpp">
      <Filter>Source Files</Filter>
    </ClCompile>
    <ClCompile Include="C:\lastools\git\LASzip\src\lasreaditemcompressed_v4.cpp">
      <Filter>Source Files</Filter>
    </ClCompile>
    <ClCompile Include="C:\lastools\git\LASzip\src\lasreadpoint.cpp">
      <Filter>Source Files</Filter>
    </ClCompile>
    <ClCompile Include="C:\lastools\git\LASzip\src\laswriteitemcompressed_v1.cpp">
      <Filter>Source Files</Filter>
    </ClCompile>
    <ClCompile Include="C:\lastools\git\LASzip\src\laswriteitemcompressed_v2.cpp">
      <Filter>Source Files</Filter>
    </ClCompile>
    <ClCompile Include="C:\lastools\git\LASzip\src\laswriteitemcompressed_v3.cpp">
      <Filter>Source Files</Filter>
    </ClCompile>
    <ClCompile Include="C:\lastools\git\LASzip\src\laswriteitemcompressed_v4.cpp">
      <Filter>Source Files</Filter>
    </ClCompile>
    <ClCompile Include="C:\lastools\git\LASzip\src\laswritepoint.cpp">
      <Filter>Source Files</Filter>
    </ClCompile>
    <ClCompile Include="C:\lastools\git\LASzip\src\laszip.cpp">
      <Filter>Source Files</Filter>
    </ClCompile>
    <ClCompile Include="C:\lastools\git\LASzip\src\laszip_dll.cpp">
      <Filter>Source Files</Filter>
    </ClCompile>
  </ItemGroup>
  <ItemGroup>
    <ClInclude Include="C:\lastools\git\LASzip\src\mydefs.hpp">
      <Filter>Header Files</Filter>
    </ClInclude>
    <ClInclude Include="C:\lastools\git\LASzip\src\lasmessage.hpp">
      <Filter>Header Files</Filter>
    </ClInclude>
    <ClInclude Include="C:\lastools\git\LASzip\src\arithmeticdecoder.hpp">
      <Filter>Header Files</Filter>
    </ClInclude>
    <ClInclude Include="C:\lastools\git\LASzip\src\arithmeticencoder.hpp">
      <Filter>Header Files</Filter>
    </ClInclude>
    <ClInclude Include="C:\lastools\git\LASzip\src\arithmeticmodel.hpp">
      <Filter>Header Files</Filter>
    </ClInclude>
    <ClInclude Include="C:\lastools\git\LASzip\src\bytestreamin.hpp">
      <Filter>Header Files</Filter>
    </ClInclude>
    <ClInclude Include="C:\lastools\git\LASzip\src\bytestreamin_array.hpp">
      <Filter>Header Files</Filter>
    </ClInclude>
    <ClInclude Include="C:\lastools\git\LASzip\src\bytestreamin_file.hpp">
      <Filter>Header Files</Filter>
    </ClInclude>
    <ClInclude Include="C:\lastools\git\LASzip\src\bytestreamin_istream.hpp">
      <Filter>Header Files</Filter>
    </ClInclude>
    <ClInclude Include="C:\lastools\git\LASzip\src\bytestreaminout.hpp">
      <Filter>Header Files</Filter>
    </ClInclude>
    <ClInclude Include="C:\lastools\git\LASzip\src\bytestreaminout_file.hpp">
      <Filter>Header Files</Filter>
    </ClInclude>
    <ClInclude Include="C:\lastools\git\LASzip\src\bytestreamout.hpp">
      <Filter>Header Files</Filter>
    </ClInclude>
    <ClInclude Include="C:\lastools\git\LASzip\src\bytestreamout_array.hpp">
      <Filter>Header Files</Filter>
    </ClInclude>
    <ClInclude Include="C:\lastools\git\LASzip\src\bytestreamout_file.hpp">
      <Filter>Header Files</Filter>
    </ClInclude>
    <ClInclude Include="C:\lastools\git\LASzip\src\bytestreamout_nil.hpp">
      <Filter>Header Files</Filter>
    </ClInclude>
    <ClInclude Include="C:\lastools\git\LASzip\src\bytestreamout_ostream.hpp">
      <Filter>Header Files</Filter>
    </ClInclude>
    <ClInclude Include="C:\lastools\git\LASzip\src\endian.hpp">
      <Filter>Header Files</Filter>
    </ClInclude>
    <ClInclude Include="C:\lastools\git\LASzip\src\integercompressor.hpp">
      <Filter>Header Files</Filter>
    </ClInclude>
    <ClInclude Include="C:\lastools\git\LASzip\src\lasattributer.hpp">
      <Filter>Header Files</Filter>
    </ClInclude>
    <ClInclude Include="C:\lastools\git\LASzip\src\lasindex.hpp">
      <Filter>Header Files</Filter>
    </ClInclude>
    <ClInclude Include="C:\lastools\git\LASzip\src\lasinterval.hpp">
      <Filter>Header Files</Filter>
    </ClInclude>
    <ClInclude Include="C:\lastools\git\LASzip\src\laspoint.hpp">
      <Filter>Header Files</Filter>
    </ClInclude>
    <ClInclude Include="C:\lastools\git\LASzip\src\lasquadtree.hpp">
      <Filter>Header Files</Filter>
    </ClInclude>
    <ClInclude Include="C:\lastools\git\LASzip\src\lasquantizer.hpp">
      <Filter>Header Files</Filter>
    </ClInclude>
    <ClInclude Include="C:\lastools\git\LASzip\src\lasreaditem.hpp">
      <Filter>Header Files</Filter>
    </ClInclude>
    <ClInclude Include="C:\lastools\git\LASzip\src\lasreaditemcompressed_v1.hpp">
      <Filter>Header Files</Filter>
    </ClInclude>
    <ClInclude Include="C:\lastools\git\LASzip\src\lasreaditemcompressed_v2.hpp">
      <Filter>Header Files</Filter>
    </ClInclude>
    <ClInclude Include="C:\lastools\git\LASzip\src\lasreaditemcompressed_v3.hpp">
      <Filter>Header Files</Filter>
    </ClInclude>
    <ClInclude Include="C:\lastools\git\LASzip\src\lasreaditemcompressed_v4.hpp">
      <Filter>Header Files</Filter>
    </ClInclude>
    <ClInclude Include="C:\lastools\git\LASzip\src\lasreaditemraw.hpp">
      <Filter>Header Files</Filter>
    </ClInclude>
    <ClInclude Include="C:\lastools\git\LASzip\src\lasreadpoint.hpp">
      <Filter>Header Files</Filter>
    </ClInclude>
    <ClInclude Include="C:\lastools\git\LASzip\src\laswriteitem.hpp">
      <Filter>Header Files</Filter>
    </ClInclude>
    <ClInclude Include="C:\lastools\git\LASzip\src\laswriteitemcompressed_v1.hpp">
      <Filter>Header Files</Filter>
    </ClInclude>
    <ClInclude Include="C:\lastools\git\LASzip\src\laswriteitemcompressed_v2.hpp">
      <Filter>Header Files</Filter>
    </ClInclude>
    <ClInclude Include="C:\lastools\git\LASzip\src\laswriteitemcompressed_v3.hpp">
      <Filter>Header Files</Filter>
    </ClInclude>
    <ClInclude Include="C:\lastools\git\LASzip\src\laswriteitemcompressed_v4.hpp">
      <Filter>Header Files</Filter>
    </ClInclude>
    <ClInclude Include="C:\lastools\git\LASzip\src\laswriteitemraw.hpp">
      <Filter>Header Files</Filter>
    </ClInclude>
    <ClInclude Include="C:\lastools\git\LASzip\src\laswritepoint.hpp">
      <Filter>Header Files</Filter>
    </ClInclude>
    <ClInclude Include="C:\lastools\git\LASzip\src\laszip.hpp">
      <Filter>Header Files</Filter>
    </ClInclude>
    <ClInclude Include="C:\lastools\git\LASzip\src\laszip_common_v1.hpp">
      <Filter>Header Files</Filter>
    </ClInclude>
    <ClInclude Include="C:\lastools\git\LASzip\src\laszip_common_v2.hpp">
      <Filter>Header Files</Filter>
    </ClInclude>
    <ClInclude Include="C:\lastools\git\LASzip\src\laszip_common_v3.hpp">
      <Filter>Header Files</Filter>
    </ClInclude>
    <ClInclude Include="C:\lastools\git\LASzip\src\laszip_decompress_selective_v3.hpp">
      <Filter>Header Files</Filter>
    </ClInclude>
    <ClInclude Include="C:\lastools\git\LASzip\include\laszip\laszip_common.h">
      <Filter>Header Files</Filter>
    </ClInclude>
  </ItemGroup>
  <ItemGroup>
    <CustomBuild Include="C:\lastools\git\LASzip\src\CMakeLists.txt" />
  </ItemGroup>
  <ItemGroup>
    <Filter Include="Header Files">
      <UniqueIdentifier>{E9B64014-235C-303E-9874-4A8DAFDA144C}</UniqueIdentifier>
    </Filter>
    <Filter Include="Source Files">
      <UniqueIdentifier>{EF8E1905-1D7F-34BE-A355-0F8FE1BE66A0}</UniqueIdentifier>
    </Filter>
  </ItemGroup>
</Project>
